
Microsoft Visual Studio Solution File, Format Version 12.00
# Visual Studio Version 16
VisualStudioVersion = 16.0.31729.503
MinimumVisualStudioVersion = 10.0.40219.1
Project("{9A19103F-16F7-4668-BE54-9A1E7A4F7556}") = "GestionStock", "GestionStock\GestionStock.csproj", "{11B32432-713B-4D79-B82B-C087A7D0751D}"
EndProject
Project("{FAE04EC0-301F-11D3-BF4B-00C04F79EFBC}") = "Stock.DAL", "Stock.DAL\Stock.DAL.csproj", "{AD049A1A-98AF-4D6C-8C85-FB2F3F9EE4BE}"
EndProject
Project("{9A19103F-16F7-4668-BE54-9A1E7A4F7556}") = "Stock.Models", "Stock.Model\Stock.Models.csproj", "{CA052605-BE84-436C-BDB4-A5568BCE1EEA}"
EndProject
Project("{9A19103F-16F7-4668-BE54-9A1E7A4F7556}") = "Stock.BL", "Stock.BL\Stock.BL.csproj", "{7D987BBF-6A89-4643-B496-2C7396A48AF0}"
EndProject
Global
	GlobalSection(SolutionConfigurationPlatforms) = preSolution
		Debug|Any CPU = Debug|Any CPU
		Release|Any CPU = Release|Any CPU
	EndGlobalSection
	GlobalSection(ProjectConfigurationPlatforms) = postSolution
		{11B32432-713B-4D79-B82B-C087A7D0751D}.Debug|Any CPU.ActiveCfg = Debug|Any CPU
		{11B32432-713B-4D79-B82B-C087A7D0751D}.Debug|Any CPU.Build.0 = Debug|Any CPU
		{11B32432-713B-4D79-B82B-C087A7D0751D}.Release|Any CPU.ActiveCfg = Release|Any CPU
		{11B32432-713B-4D79-B82B-C087A7D0751D}.Release|Any CPU.Build.0 = Release|Any CPU
		{AD049A1A-98AF-4D6C-8C85-FB2F3F9EE4BE}.Debug|Any CPU.ActiveCfg = Debug|Any CPU
		{AD049A1A-98AF-4D6C-8C85-FB2F3F9EE4BE}.Debug|Any CPU.Build.0 = Debug|Any CPU
		{AD049A1A-98AF-4D6C-8C85-FB2F3F9EE4BE}.Release|Any CPU.ActiveCfg = Release|Any CPU
		{AD049A1A-98AF-4D6C-8C85-FB2F3F9EE4BE}.Release|Any CPU.Build.0 = Release|Any CPU
		{CA052605-BE84-436C-BDB4-A5568BCE1EEA}.Debug|Any CPU.ActiveCfg = Debug|Any CPU
		{CA052605-BE84-436C-BDB4-A5568BCE1EEA}.Debug|Any CPU.Build.0 = Debug|Any CPU
		{CA052605-BE84-436C-BDB4-A5568BCE1EEA}.Release|Any CPU.ActiveCfg = Release|Any CPU
		{CA052605-BE84-436C-BDB4-A5568BCE1EEA}.Release|Any CPU.Build.0 = Release|Any CPU
		{7D987BBF-6A89-4643-B496-2C7396A48AF0}.Debug|Any CPU.ActiveCfg = Debug|Any CPU
		{7D987BBF-6A89-4643-B496-2C7396A48AF0}.Debug|Any CPU.Build.0 = Debug|Any CPU
		{7D987BBF-6A89-4643-B496-2C7396A48AF0}.Release|Any CPU.ActiveCfg = Release|Any CPU
		{7D987BBF-6A89-4643-B496-2C7396A48AF0}.Release|Any CPU.Build.0 = Release|Any CPU
	EndGlobalSection
	GlobalSection(SolutionProperties) = preSolution
		HideSolutionNode = FALSE
	EndGlobalSection
	GlobalSection(ExtensibilityGlobals) = postSolution
		SolutionGuid = {12198B11-CE99-4A01-9A1F-BFCE397718D7}
	EndGlobalSection
EndGlobal
