
Microsoft Visual Studio Solution File, Format Version 12.00
# Visual Studio Version 16
VisualStudioVersion = 16.0.31729.503
MinimumVisualStudioVersion = 10.0.40219.1
Project("{FAE04EC0-301F-11D3-BF4B-00C04F79EFBC}") = "GestionStock", "GestionStock\GestionStock.csproj", "{11B32432-713B-4D79-B82B-C087A7D0751D}"
EndProject
Global
	GlobalSection(SolutionConfigurationPlatforms) = preSolution
		Debug|Any CPU = Debug|Any CPU
		Release|Any CPU = Release|Any CPU
	EndGlobalSection
	GlobalSection(ProjectConfigurationPlatforms) = postSolution
		{11B32432-713B-4D79-B82B-C087A7D0751D}.Debug|Any CPU.ActiveCfg = Debug|Any CPU
		{11B32432-713B-4D79-B82B-C087A7D0751D}.Debug|Any CPU.Build.0 = Debug|Any CPU
		{11B32432-713B-4D79-B82B-C087A7D0751D}.Release|Any CPU.ActiveCfg = Release|Any CPU
		{11B32432-713B-4D79-B82B-C087A7D0751D}.Release|Any CPU.Build.0 = Release|Any CPU
	EndGlobalSection
	GlobalSection(SolutionProperties) = preSolution
		HideSolutionNode = FALSE
	EndGlobalSection
	GlobalSection(ExtensibilityGlobals) = postSolution
		SolutionGuid = {12198B11-CE99-4A01-9A1F-BFCE397718D7}
	EndGlobalSection
EndGlobal
